
Microsoft Visual Studio Solution File, Format Version 12.00
# Visual Studio Version 17
VisualStudioVersion = 17.8.34511.84
MinimumVisualStudioVersion = 10.0.40219.1
Project("{FAE04EC0-301F-11D3-BF4B-00C04F79EFBC}") = "mrq", "mrq\mrq.csproj", "{2A3FB2DF-163E-40B9-A371-04F2BBCB799D}"
EndProject
Global
	GlobalSection(SolutionConfigurationPlatforms) = preSolution
		Debug|Any CPU = Debug|Any CPU
		Release|Any CPU = Release|Any CPU
	EndGlobalSection
	GlobalSection(ProjectConfigurationPlatforms) = postSolution
		{2A3FB2DF-163E-40B9-A371-04F2BBCB799D}.Debug|Any CPU.ActiveCfg = Debug|Any CPU
		{2A3FB2DF-163E-40B9-A371-04F2BBCB799D}.Debug|Any CPU.Build.0 = Debug|Any CPU
		{2A3FB2DF-163E-40B9-A371-04F2BBCB799D}.Release|Any CPU.ActiveCfg = Release|Any CPU
		{2A3FB2DF-163E-40B9-A371-04F2BBCB799D}.Release|Any CPU.Build.0 = Release|Any CPU
	EndGlobalSection
	GlobalSection(SolutionProperties) = preSolution
		HideSolutionNode = FALSE
	EndGlobalSection
	GlobalSection(ExtensibilityGlobals) = postSolution
		SolutionGuid = {445B61A3-2737-459D-A039-9BF3D423344D}
	EndGlobalSection
EndGlobal
